// !$*UTF8*$!
{
	archiveVersion = 1;
	classes = {
	};
	objectVersion = 56;
	objects = {

/* Begin PBXBuildFile section */
		A1000001 /* ClaudeChatApp.swift in Sources */ = {isa = PBXBuildFile; fileRef = A2000001; };
		A1000002 /* ContentView.swift in Sources */ = {isa = PBXBuildFile; fileRef = A2000002; };
		A1000003 /* ChatViewModel.swift in Sources */ = {isa = PBXBuildFile; fileRef = A2000003; };
		A1000010 /* ContentBlockState.swift in Sources */ = {isa = PBXBuildFile; fileRef = A2000010; };
		A1000011 /* ChatMessage.swift in Sources */ = {isa = PBXBuildFile; fileRef = A2000011; };
		A1000012 /* PermissionModels.swift in Sources */ = {isa = PBXBuildFile; fileRef = A2000012; };
		A1000013 /* SDKMessageTypes.swift in Sources */ = {isa = PBXBuildFile; fileRef = A2000013; };
		A1000014 /* SessionModels.swift in Sources */ = {isa = PBXBuildFile; fileRef = A2000014; };
		A1000020 /* SessionsListView.swift in Sources */ = {isa = PBXBuildFile; fileRef = A2000020; };
		A1000021 /* ChatView.swift in Sources */ = {isa = PBXBuildFile; fileRef = A2000021; };
		A1000022 /* MessageBubbleView.swift in Sources */ = {isa = PBXBuildFile; fileRef = A2000022; };
		A1000023 /* TextBlockView.swift in Sources */ = {isa = PBXBuildFile; fileRef = A2000023; };
		A1000024 /* ToolCallBlockView.swift in Sources */ = {isa = PBXBuildFile; fileRef = A2000024; };
		A1000025 /* ToolInputView.swift in Sources */ = {isa = PBXBuildFile; fileRef = A2000025; };
		A1000026 /* ThinkingBlockView.swift in Sources */ = {isa = PBXBuildFile; fileRef = A2000026; };
		A1000027 /* ToolCallGroupView.swift in Sources */ = {isa = PBXBuildFile; fileRef = A2000027; };
		A1000028 /* AskUserQuestionView.swift in Sources */ = {isa = PBXBuildFile; fileRef = A2000028; };
		A1000029 /* ExitPlanModeView.swift in Sources */ = {isa = PBXBuildFile; fileRef = A2000029; };
		A100002A /* PermissionModeSelectorView.swift in Sources */ = {isa = PBXBuildFile; fileRef = A200002A; };
		A100002B /* MarkdownUI in Frameworks */ = {isa = PBXBuildFile; productRef = A200002B; };
/* End PBXBuildFile section */

/* Begin PBXFileReference section */
		A2000001 /* ClaudeChatApp.swift */ = {isa = PBXFileReference; lastKnownFileType = sourcecode.swift; path = ClaudeChatApp.swift; sourceTree = "<group>"; };
		A2000002 /* ContentView.swift */ = {isa = PBXFileReference; lastKnownFileType = sourcecode.swift; path = ContentView.swift; sourceTree = "<group>"; };
		A2000003 /* ChatViewModel.swift */ = {isa = PBXFileReference; lastKnownFileType = sourcecode.swift; path = ChatViewModel.swift; sourceTree = "<group>"; };
		A2000010 /* ContentBlockState.swift */ = {isa = PBXFileReference; lastKnownFileType = sourcecode.swift; path = ContentBlockState.swift; sourceTree = "<group>"; };
		A2000011 /* ChatMessage.swift */ = {isa = PBXFileReference; lastKnownFileType = sourcecode.swift; path = ChatMessage.swift; sourceTree = "<group>"; };
		A2000012 /* PermissionModels.swift */ = {isa = PBXFileReference; lastKnownFileType = sourcecode.swift; path = PermissionModels.swift; sourceTree = "<group>"; };
		A2000013 /* SDKMessageTypes.swift */ = {isa = PBXFileReference; lastKnownFileType = sourcecode.swift; path = SDKMessageTypes.swift; sourceTree = "<group>"; };
		A2000014 /* SessionModels.swift */ = {isa = PBXFileReference; lastKnownFileType = sourcecode.swift; path = SessionModels.swift; sourceTree = "<group>"; };
		A2000020 /* SessionsListView.swift */ = {isa = PBXFileReference; lastKnownFileType = sourcecode.swift; path = SessionsListView.swift; sourceTree = "<group>"; };
		A2000021 /* ChatView.swift */ = {isa = PBXFileReference; lastKnownFileType = sourcecode.swift; path = ChatView.swift; sourceTree = "<group>"; };
		A2000022 /* MessageBubbleView.swift */ = {isa = PBXFileReference; lastKnownFileType = sourcecode.swift; path = MessageBubbleView.swift; sourceTree = "<group>"; };
		A2000023 /* TextBlockView.swift */ = {isa = PBXFileReference; lastKnownFileType = sourcecode.swift; path = TextBlockView.swift; sourceTree = "<group>"; };
		A2000024 /* ToolCallBlockView.swift */ = {isa = PBXFileReference; lastKnownFileType = sourcecode.swift; path = ToolCallBlockView.swift; sourceTree = "<group>"; };
		A2000025 /* ToolInputView.swift */ = {isa = PBXFileReference; lastKnownFileType = sourcecode.swift; path = ToolInputView.swift; sourceTree = "<group>"; };
		A2000026 /* ThinkingBlockView.swift */ = {isa = PBXFileReference; lastKnownFileType = sourcecode.swift; path = ThinkingBlockView.swift; sourceTree = "<group>"; };
		A2000027 /* ToolCallGroupView.swift */ = {isa = PBXFileReference; lastKnownFileType = sourcecode.swift; path = ToolCallGroupView.swift; sourceTree = "<group>"; };
		A2000028 /* AskUserQuestionView.swift */ = {isa = PBXFileReference; lastKnownFileType = sourcecode.swift; path = AskUserQuestionView.swift; sourceTree = "<group>"; };
		A2000029 /* ExitPlanModeView.swift */ = {isa = PBXFileReference; lastKnownFileType = sourcecode.swift; path = ExitPlanModeView.swift; sourceTree = "<group>"; };
		A200002A /* PermissionModeSelectorView.swift */ = {isa = PBXFileReference; lastKnownFileType = sourcecode.swift; path = PermissionModeSelectorView.swift; sourceTree = "<group>"; };
		A200002F /* Info.plist */ = {isa = PBXFileReference; lastKnownFileType = text.plist.xml; path = Info.plist; sourceTree = "<group>"; };
		A2000F10 /* ClaudeChat.app */ = {isa = PBXFileReference; explicitFileType = wrapper.application; includeInIndex = 0; path = ClaudeChat.app; sourceTree = BUILT_PRODUCTS_DIR; };
/* End PBXFileReference section */

/* Begin PBXFrameworksBuildPhase section */
		A3000001 /* Frameworks */ = {
			isa = PBXFrameworksBuildPhase;
			buildActionMask = 2147483647;
			files = (
				A100002B /* MarkdownUI in Frameworks */,
			);
			runOnlyForDeploymentPostprocessing = 0;
		};
/* End PBXFrameworksBuildPhase section */

/* Begin PBXGroup section */
		A4000001 = {
			isa = PBXGroup;
			children = (
				A4000002 /* Sources */,
				A4000003 /* Products */,
			);
			sourceTree = "<group>";
		};
		A4000002 /* Sources */ = {
			isa = PBXGroup;
			children = (
				A2000001 /* ClaudeChatApp.swift */,
				A2000002 /* ContentView.swift */,
				A2000003 /* ChatViewModel.swift */,
				A200002F /* Info.plist */,
				A4000004 /* Models */,
				A4000005 /* Views */,
			);
			path = Sources;
			sourceTree = "<group>";
		};
		A4000003 /* Products */ = {
			isa = PBXGroup;
			children = (
				A2000F10 /* ClaudeChat.app */,
			);
			name = Products;
			sourceTree = "<group>";
		};
		A4000004 /* Models */ = {
			isa = PBXGroup;
			children = (
				A2000010 /* ContentBlockState.swift */,
				A2000011 /* ChatMessage.swift */,
				A2000012 /* PermissionModels.swift */,
				A2000013 /* SDKMessageTypes.swift */,
				A2000014 /* SessionModels.swift */,
			);
			path = Models;
			sourceTree = "<group>";
		};
		A4000005 /* Views */ = {
			isa = PBXGroup;
			children = (
				A2000020 /* SessionsListView.swift */,
				A2000021 /* ChatView.swift */,
				A2000022 /* MessageBubbleView.swift */,
				A200002A /* PermissionModeSelectorView.swift */,
				A4000006 /* Blocks */,
			);
			path = Views;
			sourceTree = "<group>";
		};
		A4000006 /* Blocks */ = {
			isa = PBXGroup;
			children = (
				A2000023 /* TextBlockView.swift */,
				A2000024 /* ToolCallBlockView.swift */,
				A2000025 /* ToolInputView.swift */,
				A2000026 /* ThinkingBlockView.swift */,
				A2000027 /* ToolCallGroupView.swift */,
				A2000028 /* AskUserQuestionView.swift */,
				A2000029 /* ExitPlanModeView.swift */,
			);
			path = Blocks;
			sourceTree = "<group>";
		};
/* End PBXGroup section */

/* Begin PBXNativeTarget section */
		A5000001 /* ClaudeChat */ = {
			isa = PBXNativeTarget;
			buildConfigurationList = A7000003 /* Build configuration list for PBXNativeTarget "ClaudeChat" */;
			buildPhases = (
				A6000001 /* Sources */,
				A3000001 /* Frameworks */,
			);
			buildRules = (
			);
			dependencies = (
			);
			name = ClaudeChat;
			packageProductDependencies = (
				A200002B /* MarkdownUI */,
			);
			productName = ClaudeChat;
			productReference = A2000F10 /* ClaudeChat.app */;
			productType = "com.apple.product-type.application";
		};
/* End PBXNativeTarget section */

/* Begin PBXProject section */
		A8000001 /* Project object */ = {
			isa = PBXProject;
			attributes = {
				BuildIndependentTargetsInParallel = 1;
				LastSwiftUpdateCheck = 1500;
				LastUpgradeCheck = 1500;
			};
			buildConfigurationList = A7000001 /* Build configuration list for PBXProject "ClaudeChat" */;
			compatibilityVersion = "Xcode 14.0";
			developmentRegion = en;
			hasScannedForEncodings = 0;
			knownRegions = (
				en,
				Base,
			);
			mainGroup = A4000001;
			packageReferences = (
				A200002C /* XCRemoteSwiftPackageReference "swift-markdown-ui" */,
			);
			productRefGroup = A4000003 /* Products */;
			projectDirPath = "";
			projectRoot = "";
			targets = (
				A5000001 /* ClaudeChat */,
			);
		};
/* End PBXProject section */

/* Begin PBXSourcesBuildPhase section */
		A6000001 /* Sources */ = {
			isa = PBXSourcesBuildPhase;
			buildActionMask = 2147483647;
			files = (
				A1000001 /* ClaudeChatApp.swift in Sources */,
				A1000002 /* ContentView.swift in Sources */,
				A1000003 /* ChatViewModel.swift in Sources */,
				A1000010 /* ContentBlockState.swift in Sources */,
				A1000011 /* ChatMessage.swift in Sources */,
				A1000012 /* PermissionModels.swift in Sources */,
				A1000013 /* SDKMessageTypes.swift in Sources */,
				A1000014 /* SessionModels.swift in Sources */,
				A1000020 /* SessionsListView.swift in Sources */,
				A1000021 /* ChatView.swift in Sources */,
				A1000022 /* MessageBubbleView.swift in Sources */,
				A1000023 /* TextBlockView.swift in Sources */,
				A1000024 /* ToolCallBlockView.swift in Sources */,
				A1000025 /* ToolInputView.swift in Sources */,
				A1000026 /* ThinkingBlockView.swift in Sources */,
				A1000027 /* ToolCallGroupView.swift in Sources */,
				A1000028 /* AskUserQuestionView.swift in Sources */,
				A1000029 /* ExitPlanModeView.swift in Sources */,
				A100002A /* PermissionModeSelectorView.swift in Sources */,
			);
			runOnlyForDeploymentPostprocessing = 0;
		};
/* End PBXSourcesBuildPhase section */

/* Begin XCBuildConfiguration section */
		A9000001 /* Debug */ = {
			isa = XCBuildConfiguration;
			buildSettings = {
				ALWAYS_SEARCH_USER_PATHS = NO;
				CLANG_ANALYZER_NONNULL = YES;
				CLANG_CXX_LANGUAGE_STANDARD = "gnu++20";
				CLANG_ENABLE_MODULES = YES;
				CLANG_ENABLE_OBJC_ARC = YES;
				COPY_PHASE_STRIP = NO;
				DEBUG_INFORMATION_FORMAT = dwarf;
				ENABLE_STRICT_OBJC_MSGSEND = YES;
				ENABLE_TESTABILITY = YES;
				GCC_DYNAMIC_NO_PIC = NO;
				GCC_OPTIMIZATION_LEVEL = 0;
				GCC_PREPROCESSOR_DEFINITIONS = (
					"DEBUG=1",
					"$(inherited)",
				);
				IPHONEOS_DEPLOYMENT_TARGET = 17.0;
				MTL_ENABLE_DEBUG_INFO = INCLUDE_SOURCE;
				ONLY_ACTIVE_ARCH = YES;
				SDKROOT = iphoneos;
				SWIFT_ACTIVE_COMPILATION_CONDITIONS = DEBUG;
				SWIFT_OPTIMIZATION_LEVEL = "-Onone";
			};
			name = Debug;
		};
		A9000002 /* Release */ = {
			isa = XCBuildConfiguration;
			buildSettings = {
				ALWAYS_SEARCH_USER_PATHS = NO;
				CLANG_ANALYZER_NONNULL = YES;
				CLANG_CXX_LANGUAGE_STANDARD = "gnu++20";
				CLANG_ENABLE_MODULES = YES;
				CLANG_ENABLE_OBJC_ARC = YES;
				COPY_PHASE_STRIP = NO;
				DEBUG_INFORMATION_FORMAT = "dwarf-with-dsym";
				ENABLE_NS_ASSERTIONS = NO;
				ENABLE_STRICT_OBJC_MSGSEND = YES;
				GCC_OPTIMIZATION_LEVEL = s;
				IPHONEOS_DEPLOYMENT_TARGET = 17.0;
				SDKROOT = iphoneos;
				SWIFT_COMPILATION_MODE = wholemodule;
				SWIFT_OPTIMIZATION_LEVEL = "-O";
				VALIDATE_PRODUCT = YES;
			};
			name = Release;
		};
		A9000003 /* Debug */ = {
			isa = XCBuildConfiguration;
			buildSettings = {
				ASSETCATALOG_COMPILER_APPICON_NAME = AppIcon;
				CODE_SIGN_STYLE = Automatic;
				CURRENT_PROJECT_VERSION = 1;
				DEVELOPMENT_TEAM = VGNX5938K9;
				GENERATE_INFOPLIST_FILE = YES;
				INFOPLIST_FILE = Sources/Info.plist;
				INFOPLIST_KEY_UIApplicationSceneManifest_Generation = YES;
				INFOPLIST_KEY_UIApplicationSupportsIndirectInputEvents = YES;
				INFOPLIST_KEY_UILaunchScreen_Generation = YES;
				INFOPLIST_KEY_UISupportedInterfaceOrientations_iPad = "UIInterfaceOrientationPortrait UIInterfaceOrientationPortraitUpsideDown UIInterfaceOrientationLandscapeLeft UIInterfaceOrientationLandscapeRight";
				INFOPLIST_KEY_UISupportedInterfaceOrientations_iPhone = "UIInterfaceOrientationPortrait UIInterfaceOrientationLandscapeLeft UIInterfaceOrientationLandscapeRight";
				IPHONEOS_DEPLOYMENT_TARGET = 17.0;
				MARKETING_VERSION = 1.0;
				PRODUCT_BUNDLE_IDENTIFIER = com.example.ClaudeChat;
				PRODUCT_NAME = "$(TARGET_NAME)";
				SWIFT_EMIT_LOC_STRINGS = YES;
				SWIFT_VERSION = 5.0;
				TARGETED_DEVICE_FAMILY = "1,2";
			};
			name = Debug;
		};
		A9000004 /* Release */ = {
			isa = XCBuildConfiguration;
			buildSettings = {
				ASSETCATALOG_COMPILER_APPICON_NAME = AppIcon;
				CODE_SIGN_STYLE = Automatic;
				CURRENT_PROJECT_VERSION = 1;
				DEVELOPMENT_TEAM = VGNX5938K9;
				GENERATE_INFOPLIST_FILE = YES;
				INFOPLIST_FILE = Sources/Info.plist;
				INFOPLIST_KEY_UIApplicationSceneManifest_Generation = YES;
				INFOPLIST_KEY_UIApplicationSupportsIndirectInputEvents = YES;
				INFOPLIST_KEY_UILaunchScreen_Generation = YES;
				INFOPLIST_KEY_UISupportedInterfaceOrientations_iPad = "UIInterfaceOrientationPortrait UIInterfaceOrientationPortraitUpsideDown UIInterfaceOrientationLandscapeLeft UIInterfaceOrientationLandscapeRight";
				INFOPLIST_KEY_UISupportedInterfaceOrientations_iPhone = "UIInterfaceOrientationPortrait UIInterfaceOrientationLandscapeLeft UIInterfaceOrientationLandscapeRight";
				IPHONEOS_DEPLOYMENT_TARGET = 17.0;
				MARKETING_VERSION = 1.0;
				PRODUCT_BUNDLE_IDENTIFIER = com.example.ClaudeChat;
				PRODUCT_NAME = "$(TARGET_NAME)";
				SWIFT_EMIT_LOC_STRINGS = YES;
				SWIFT_VERSION = 5.0;
				TARGETED_DEVICE_FAMILY = "1,2";
			};
			name = Release;
		};
/* End XCBuildConfiguration section */

/* Begin XCConfigurationList section */
		A7000001 /* Build configuration list for PBXProject "ClaudeChat" */ = {
			isa = XCConfigurationList;
			buildConfigurations = (
				A9000001 /* Debug */,
				A9000002 /* Release */,
			);
			defaultConfigurationIsVisible = 0;
			defaultConfigurationName = Release;
		};
		A7000003 /* Build configuration list for PBXNativeTarget "ClaudeChat" */ = {
			isa = XCConfigurationList;
			buildConfigurations = (
				A9000003 /* Debug */,
				A9000004 /* Release */,
			);
			defaultConfigurationIsVisible = 0;
			defaultConfigurationName = Release;
		};
/* End XCConfigurationList section */

/* Begin XCRemoteSwiftPackageReference section */
		A200002C /* XCRemoteSwiftPackageReference "swift-markdown-ui" */ = {
			isa = XCRemoteSwiftPackageReference;
			repositoryURL = "https://github.com/gonzalezreal/swift-markdown-ui";
			requirement = {
				kind = upToNextMajorVersion;
				minimumVersion = 2.4.1;
			};
		};
/* End XCRemoteSwiftPackageReference section */

/* Begin XCSwiftPackageProductDependency section */
		A200002B /* MarkdownUI */ = {
			isa = XCSwiftPackageProductDependency;
			package = A200002C /* XCRemoteSwiftPackageReference "swift-markdown-ui" */;
			productName = MarkdownUI;
		};
/* End XCSwiftPackageProductDependency section */

	};
	rootObject = A8000001 /* Project object */;
}
